
Microsoft Visual Studio Solution File, Format Version 12.00
# Visual Studio Version 17
VisualStudioVersion = 17.11.35312.102
MinimumVisualStudioVersion = 10.0.40219.1
Project("{9A19103F-16F7-4668-BE54-9A1E7A4F7556}") = "CocugumGuvende", "CocugumGuvende.csproj", "{27E26AE8-572D-4A82-8974-4497AAAFD6BE}"
EndProject
Global
	GlobalSection(SolutionConfigurationPlatforms) = preSolution
		Debug|Any CPU = Debug|Any CPU
		Release|Any CPU = Release|Any CPU
	EndGlobalSection
	GlobalSection(ProjectConfigurationPlatforms) = postSolution
		{27E26AE8-572D-4A82-8974-4497AAAFD6BE}.Debug|Any CPU.ActiveCfg = Debug|Any CPU
		{27E26AE8-572D-4A82-8974-4497AAAFD6BE}.Debug|Any CPU.Build.0 = Debug|Any CPU
		{27E26AE8-572D-4A82-8974-4497AAAFD6BE}.Debug|Any CPU.Deploy.0 = Debug|Any CPU
		{27E26AE8-572D-4A82-8974-4497AAAFD6BE}.Release|Any CPU.ActiveCfg = Release|Any CPU
		{27E26AE8-572D-4A82-8974-4497AAAFD6BE}.Release|Any CPU.Build.0 = Release|Any CPU
		{27E26AE8-572D-4A82-8974-4497AAAFD6BE}.Release|Any CPU.Deploy.0 = Release|Any CPU
	EndGlobalSection
	GlobalSection(SolutionProperties) = preSolution
		HideSolutionNode = FALSE
	EndGlobalSection
	GlobalSection(ExtensibilityGlobals) = postSolution
		SolutionGuid = {87BFC986-7EFA-4C4D-B7F1-433A4B50DE1D}
	EndGlobalSection
EndGlobal
